{
    "name": "hotpocket-example-contract",
    "lockfileVersion": 2,
    "requires": true,
    "packages": {
        "": {
            "name": "hotpocket-example-contract",
            "dependencies": {
                "hotpocket-nodejs-contract": "file:../dist"
            }
        },
        "../dist": {
            "version": "0.7.0",
            "license": "MIT"
        },
        "node_modules/hotpocket-nodejs-contract": {
            "resolved": "../dist",
            "link": true
        }
    },
    "dependencies": {
        "hotpocket-nodejs-contract": {
            "version": "file:../dist"
        }
    }
}
