{
    "name": "hotpocket-example-contract",
    "lockfileVersion": 2,
    "requires": true,
    "packages": {
        "": {
            "name": "hotpocket-example-contract",
            "dependencies": {
                "hotpocket-nodejs-contract": "0.5.7"
            }
        },
        "node_modules/hotpocket-nodejs-contract": {
            "version": "0.5.7",
            "resolved": "https://registry.npmjs.org/hotpocket-nodejs-contract/-/hotpocket-nodejs-contract-0.5.7.tgz",
            "integrity": "sha512-xZl6Gmd5vBBiilSoTobAkmyfm8cEbKaOEXEty4E3SDWj8GnmuL9ZcDKGgZFMdZXN4zDVE8ymshnv3O74X4RmJA=="
        }
    },
    "dependencies": {
        "hotpocket-nodejs-contract": {
            "version": "0.5.7",
            "resolved": "https://registry.npmjs.org/hotpocket-nodejs-contract/-/hotpocket-nodejs-contract-0.5.7.tgz",
            "integrity": "sha512-xZl6Gmd5vBBiilSoTobAkmyfm8cEbKaOEXEty4E3SDWj8GnmuL9ZcDKGgZFMdZXN4zDVE8ymshnv3O74X4RmJA=="
        }
    }
}
