{
    "name": "hotpocket-example-contract",
    "requires": true,
    "lockfileVersion": 1,
    "dependencies": {
        "hotpocket-nodejs-contract": {
            "version": "0.5.0",
            "resolved": "https://registry.npmjs.org/hotpocket-nodejs-contract/-/hotpocket-nodejs-contract-0.5.0.tgz",
            "integrity": "sha512-KSxlnmgu9AAZEChom/Q8NxAiTUE47xDGgt5eHMEWf0U+95ezr8yxLjZEyoIWrhFZGNMvjQ+7ITjMmskSF3onQA=="
        }
    }
}
